[root]
name = "rustline"
version = "0.1.0"
dependencies = [
 "git2 0.3.2 (registry+https://github.com/rust-lang/crates.io-index)",
 "term 0.2.13 (registry+https://github.com/rust-lang/crates.io-index)",
]

[[package]]
name = "advapi32-sys"
version = "0.1.2"
source = "registry+https://github.com/rust-lang/crates.io-index"
dependencies = [
 "winapi 0.2.5 (registry+https://github.com/rust-lang/crates.io-index)",
 "winapi-build 0.1.1 (registry+https://github.com/rust-lang/crates.io-index)",
]

[[package]]
name = "bitflags"
version = "0.1.1"
source = "registry+https://github.com/rust-lang/crates.io-index"

[[package]]
name = "cmake"
version = "0.1.8"
source = "registry+https://github.com/rust-lang/crates.io-index"
dependencies = [
 "gcc 0.3.19 (registry+https://github.com/rust-lang/crates.io-index)",
]

[[package]]
name = "gcc"
version = "0.3.19"
source = "registry+https://github.com/rust-lang/crates.io-index"
dependencies = [
 "advapi32-sys 0.1.2 (registry+https://github.com/rust-lang/crates.io-index)",
 "winapi 0.2.5 (registry+https://github.com/rust-lang/crates.io-index)",
]

[[package]]
name = "git2"
version = "0.3.2"
source = "registry+https://github.com/rust-lang/crates.io-index"
dependencies = [
 "bitflags 0.1.1 (registry+https://github.com/rust-lang/crates.io-index)",
 "libc 0.1.12 (registry+https://github.com/rust-lang/crates.io-index)",
 "libgit2-sys 0.3.6 (registry+https://github.com/rust-lang/crates.io-index)",
 "url 0.2.37 (registry+https://github.com/rust-lang/crates.io-index)",
]

[[package]]
name = "kernel32-sys"
version = "0.2.1"
source = "registry+https://github.com/rust-lang/crates.io-index"
dependencies = [
 "winapi 0.2.5 (registry+https://github.com/rust-lang/crates.io-index)",
 "winapi-build 0.1.1 (registry+https://github.com/rust-lang/crates.io-index)",
]

[[package]]
name = "libc"
version = "0.1.12"
source = "registry+https://github.com/rust-lang/crates.io-index"

[[package]]
name = "libc"
version = "0.2.2"
source = "registry+https://github.com/rust-lang/crates.io-index"

[[package]]
name = "libgit2-sys"
version = "0.3.6"
source = "registry+https://github.com/rust-lang/crates.io-index"
dependencies = [
 "cmake 0.1.8 (registry+https://github.com/rust-lang/crates.io-index)",
 "libc 0.1.12 (registry+https://github.com/rust-lang/crates.io-index)",
 "libssh2-sys 0.1.32 (registry+https://github.com/rust-lang/crates.io-index)",
 "libz-sys 0.1.9 (registry+https://github.com/rust-lang/crates.io-index)",
 "openssl-sys 0.6.7 (registry+https://github.com/rust-lang/crates.io-index)",
 "pkg-config 0.3.6 (registry+https://github.com/rust-lang/crates.io-index)",
]

[[package]]
name = "libressl-pnacl-sys"
version = "2.1.6"
source = "registry+https://github.com/rust-lang/crates.io-index"
dependencies = [
 "pnacl-build-helper 1.4.10 (registry+https://github.com/rust-lang/crates.io-index)",
]

[[package]]
name = "libssh2-sys"
version = "0.1.32"
source = "registry+https://github.com/rust-lang/crates.io-index"
dependencies = [
 "cmake 0.1.8 (registry+https://github.com/rust-lang/crates.io-index)",
 "libc 0.2.2 (registry+https://github.com/rust-lang/crates.io-index)",
 "libz-sys 0.1.9 (registry+https://github.com/rust-lang/crates.io-index)",
 "openssl-sys 0.6.7 (registry+https://github.com/rust-lang/crates.io-index)",
 "pkg-config 0.3.6 (registry+https://github.com/rust-lang/crates.io-index)",
 "winapi 0.2.5 (registry+https://github.com/rust-lang/crates.io-index)",
 "ws2_32-sys 0.2.1 (registry+https://github.com/rust-lang/crates.io-index)",
]

[[package]]
name = "libz-sys"
version = "0.1.9"
source = "registry+https://github.com/rust-lang/crates.io-index"
dependencies = [
 "gcc 0.3.19 (registry+https://github.com/rust-lang/crates.io-index)",
 "libc 0.1.12 (registry+https://github.com/rust-lang/crates.io-index)",
 "pkg-config 0.3.6 (registry+https://github.com/rust-lang/crates.io-index)",
]

[[package]]
name = "matches"
version = "0.1.2"
source = "registry+https://github.com/rust-lang/crates.io-index"

[[package]]
name = "openssl-sys"
version = "0.6.7"
source = "registry+https://github.com/rust-lang/crates.io-index"
dependencies = [
 "gcc 0.3.19 (registry+https://github.com/rust-lang/crates.io-index)",
 "libc 0.1.12 (registry+https://github.com/rust-lang/crates.io-index)",
 "libressl-pnacl-sys 2.1.6 (registry+https://github.com/rust-lang/crates.io-index)",
 "pkg-config 0.3.6 (registry+https://github.com/rust-lang/crates.io-index)",
]

[[package]]
name = "pkg-config"
version = "0.3.6"
source = "registry+https://github.com/rust-lang/crates.io-index"

[[package]]
name = "pnacl-build-helper"
version = "1.4.10"
source = "registry+https://github.com/rust-lang/crates.io-index"
dependencies = [
 "tempdir 0.3.4 (registry+https://github.com/rust-lang/crates.io-index)",
]

[[package]]
name = "rand"
version = "0.3.12"
source = "registry+https://github.com/rust-lang/crates.io-index"
dependencies = [
 "advapi32-sys 0.1.2 (registry+https://github.com/rust-lang/crates.io-index)",
 "libc 0.2.2 (registry+https://github.com/rust-lang/crates.io-index)",
 "winapi 0.2.5 (registry+https://github.com/rust-lang/crates.io-index)",
]

[[package]]
name = "rustc-serialize"
version = "0.3.16"
source = "registry+https://github.com/rust-lang/crates.io-index"

[[package]]
name = "tempdir"
version = "0.3.4"
source = "registry+https://github.com/rust-lang/crates.io-index"
dependencies = [
 "rand 0.3.12 (registry+https://github.com/rust-lang/crates.io-index)",
]

[[package]]
name = "term"
version = "0.2.13"
source = "registry+https://github.com/rust-lang/crates.io-index"
dependencies = [
 "kernel32-sys 0.2.1 (registry+https://github.com/rust-lang/crates.io-index)",
 "winapi 0.2.5 (registry+https://github.com/rust-lang/crates.io-index)",
]

[[package]]
name = "url"
version = "0.2.37"
source = "registry+https://github.com/rust-lang/crates.io-index"
dependencies = [
 "matches 0.1.2 (registry+https://github.com/rust-lang/crates.io-index)",
 "rustc-serialize 0.3.16 (registry+https://github.com/rust-lang/crates.io-index)",
]

[[package]]
name = "winapi"
version = "0.2.5"
source = "registry+https://github.com/rust-lang/crates.io-index"

[[package]]
name = "winapi-build"
version = "0.1.1"
source = "registry+https://github.com/rust-lang/crates.io-index"

[[package]]
name = "ws2_32-sys"
version = "0.2.1"
source = "registry+https://github.com/rust-lang/crates.io-index"
dependencies = [
 "winapi 0.2.5 (registry+https://github.com/rust-lang/crates.io-index)",
 "winapi-build 0.1.1 (registry+https://github.com/rust-lang/crates.io-index)",
]

[metadata]
"checksum advapi32-sys 0.1.2 (registry+https://github.com/rust-lang/crates.io-index)" = "307c92332867e586720c0222ee9d890bbe8431711efed8a1b06bc5b40fc66bd7"
"checksum bitflags 0.1.1 (registry+https://github.com/rust-lang/crates.io-index)" = "2a6577517ecd0ee0934f48a7295a89aaef3e6dfafeac404f94c0b3448518ddfe"
"checksum cmake 0.1.8 (registry+https://github.com/rust-lang/crates.io-index)" = "59342df6e648006c4b485df4348e80aaaca765204eb3fdf97869b12eb05c1bb2"
"checksum gcc 0.3.19 (registry+https://github.com/rust-lang/crates.io-index)" = "7c4709c32c47168f5fdf6fcece04b283931fc071b713435bff40d67b5f0b5d5d"
"checksum git2 0.3.2 (registry+https://github.com/rust-lang/crates.io-index)" = "75296fac8ba8f07bc3dea1ec11c627aab510e13ec0298849768f8d214b02e6f2"
"checksum kernel32-sys 0.2.1 (registry+https://github.com/rust-lang/crates.io-index)" = "b5b5e7edf375e6d26243bde172f1d5ed1446f4a766fc9b7006e1fd27258243f1"
"checksum libc 0.1.12 (registry+https://github.com/rust-lang/crates.io-index)" = "e32a70cf75e5846d53a673923498228bbec6a8624708a9ea5645f075d6276122"
"checksum libc 0.2.2 (registry+https://github.com/rust-lang/crates.io-index)" = "9fe40c82db71d8e4db6910989256d407abc151586aa10b8bce68bf84108af5ce"
"checksum libgit2-sys 0.3.6 (registry+https://github.com/rust-lang/crates.io-index)" = "731deb46975cafb765801db5880e8f185aee0071ff5daaf43f12902c28e70246"
"checksum libressl-pnacl-sys 2.1.6 (registry+https://github.com/rust-lang/crates.io-index)" = "cbc058951ab6a3ef35ca16462d7642c4867e6403520811f28537a4e2f2db3e71"
"checksum libssh2-sys 0.1.32 (registry+https://github.com/rust-lang/crates.io-index)" = "9d739ffdece682f87667f91149cbebe97fe33d1c865af479f7de111a2a1e3af0"
"checksum libz-sys 0.1.9 (registry+https://github.com/rust-lang/crates.io-index)" = "30565bdac64d0199d144ea2ae8b73ceb5f41ac10bdc6620dc239018fcc908f19"
"checksum matches 0.1.2 (registry+https://github.com/rust-lang/crates.io-index)" = "15305656809ce5a4805b1ff2946892810992197ce1270ff79baded852187942e"
"checksum openssl-sys 0.6.7 (registry+https://github.com/rust-lang/crates.io-index)" = "74a0b047568fe3d4f35a076d6bd3c49b5ae7da80c4df72956b3a8268020f1aab"
"checksum pkg-config 0.3.6 (registry+https://github.com/rust-lang/crates.io-index)" = "e22680bde24ca417a3a7fc1036ead9acf0a0af007217c955f61c0eaa903edb2f"
"checksum pnacl-build-helper 1.4.10 (registry+https://github.com/rust-lang/crates.io-index)" = "61c9231d31aea845007443d62fcbb58bb6949ab9c18081ee1e09920e0cf1118b"
"checksum rand 0.3.12 (registry+https://github.com/rust-lang/crates.io-index)" = "5eee40bdf3d293e1648490ab47e5471d9ab3e455e6b0bd48e558c454be4a015e"
"checksum rustc-serialize 0.3.16 (registry+https://github.com/rust-lang/crates.io-index)" = "1a48546a64cae47d06885e9bccadb99d0547d877a94c5167fa451ea33a484456"
"checksum tempdir 0.3.4 (registry+https://github.com/rust-lang/crates.io-index)" = "0b62933a3f96cd559700662c34f8bab881d9e3540289fb4f368419c7f13a5aa9"
"checksum term 0.2.13 (registry+https://github.com/rust-lang/crates.io-index)" = "7d4680517d27f8704f094356884e019de315d1a12acec97de9fa850900189289"
"checksum url 0.2.37 (registry+https://github.com/rust-lang/crates.io-index)" = "8418be6f06480ae5242d656575a7f369b0cd0ee992e8e8f4a6610f64b3a6d911"
"checksum winapi 0.2.5 (registry+https://github.com/rust-lang/crates.io-index)" = "dc3583688b861fcd83c2823d37cf2cd2446c233dd7ba3f97884d1a7302817537"
"checksum winapi-build 0.1.1 (registry+https://github.com/rust-lang/crates.io-index)" = "2d315eee3b34aca4797b2da6b13ed88266e6d612562a0c46390af8299fc699bc"
"checksum ws2_32-sys 0.2.1 (registry+https://github.com/rust-lang/crates.io-index)" = "d59cefebd0c892fa2dd6de581e937301d8552cb44489cdff035c6187cb63fa5e"
